# This file is automatically @generated by Poetry 1.8.2 and should not be changed by hand.

[[package]]
name = "customtkinter"
version = "5.2.2"
description = "Create modern looking GUIs with Python"
optional = false
python-versions = ">=3.7"
files = [
    {file = "customtkinter-5.2.2-py3-none-any.whl", hash = "sha256:14ad3e7cd3cb3b9eb642b9d4e8711ae80d3f79fb82545ad11258eeffb2e6b37c"},
    {file = "customtkinter-5.2.2.tar.gz", hash = "sha256:fd8db3bafa961c982ee6030dba80b4c2e25858630756b513986db19113d8d207"},
]

[package.dependencies]
darkdetect = "*"
packaging = "*"

[[package]]
name = "darkdetect"
version = "0.8.0"
description = "Detect OS Dark Mode from Python"
optional = false
python-versions = ">=3.6"
files = [
    {file = "darkdetect-0.8.0-py3-none-any.whl", hash = "sha256:a7509ccf517eaad92b31c214f593dbcf138ea8a43b2935406bbd565e15527a85"},
    {file = "darkdetect-0.8.0.tar.gz", hash = "sha256:b5428e1170263eb5dea44c25dc3895edd75e6f52300986353cd63533fe7df8b1"},
]

[package.extras]
macos-listener = ["pyobjc-framework-Cocoa"]

[[package]]
name = "datetime"
version = "5.5"
description = "This package provides a DateTime data type, as known from Zope. Unless you need to communicate with Zope APIs, you're probably better off using Python's built-in datetime module."
optional = false
python-versions = ">=3.7"
files = [
    {file = "DateTime-5.5-py3-none-any.whl", hash = "sha256:0abf6c51cb4ba7cee775ca46ccc727f3afdde463be28dbbe8803631fefd4a120"},
    {file = "DateTime-5.5.tar.gz", hash = "sha256:21ec6331f87a7fcb57bd7c59e8a68bfffe6fcbf5acdbbc7b356d6a9a020191d3"},
]

[package.dependencies]
pytz = "*"
"zope.interface" = "*"

[[package]]
name = "optional"
version = "0.0.1"
description = "Optional Class for Python2/3"
optional = false
python-versions = "*"
files = [
    {file = "optional-0.0.1.tar.gz", hash = "sha256:2d8532e9f688b936be1ae13f81e57347631017831fc49f358e8f3de975d353eb"},
]

[[package]]
name = "packaging"
version = "24.0"
description = "Core utilities for Python packages"
optional = false
python-versions = ">=3.7"
files = [
    {file = "packaging-24.0-py3-none-any.whl", hash = "sha256:2ddfb553fdf02fb784c234c7ba6ccc288296ceabec964ad2eae3777778130bc5"},
    {file = "packaging-24.0.tar.gz", hash = "sha256:eb82c5e3e56209074766e6885bb04b8c38a0c015d0a30036ebe7ece34c9989e9"},
]

[[package]]
name = "pytz"
version = "2024.1"
description = "World timezone definitions, modern and historical"
optional = false
python-versions = "*"
files = [
    {file = "pytz-2024.1-py2.py3-none-any.whl", hash = "sha256:328171f4e3623139da4983451950b28e95ac706e13f3f2630a879749e7a8b319"},
    {file = "pytz-2024.1.tar.gz", hash = "sha256:2a29735ea9c18baf14b448846bde5a48030ed267578472d8955cd0e7443a9812"},
]

[[package]]
name = "setuptools"
version = "69.5.1"
description = "Easily download, build, install, upgrade, and uninstall Python packages"
optional = false
python-versions = ">=3.8"
files = [
    {file = "setuptools-69.5.1-py3-none-any.whl", hash = "sha256:c636ac361bc47580504644275c9ad802c50415c7522212252c033bd15f301f32"},
    {file = "setuptools-69.5.1.tar.gz", hash = "sha256:6c1fccdac05a97e598fb0ae3bbed5904ccb317337a51139dcd51453611bbb987"},
]

[package.extras]
docs = ["furo", "jaraco.packaging (>=9.3)", "jaraco.tidelift (>=1.4)", "pygments-github-lexers (==0.0.5)", "rst.linker (>=1.9)", "sphinx (>=3.5)", "sphinx-favicon", "sphinx-inline-tabs", "sphinx-lint", "sphinx-notfound-page (>=1,<2)", "sphinx-reredirects", "sphinxcontrib-towncrier"]
testing = ["build[virtualenv]", "filelock (>=3.4.0)", "importlib-metadata", "ini2toml[lite] (>=0.9)", "jaraco.develop (>=7.21)", "jaraco.envs (>=2.2)", "jaraco.path (>=3.2.0)", "mypy (==1.9)", "packaging (>=23.2)", "pip (>=19.1)", "pytest (>=6,!=8.1.1)", "pytest-checkdocs (>=2.4)", "pytest-cov", "pytest-enabler (>=2.2)", "pytest-home (>=0.5)", "pytest-mypy", "pytest-perf", "pytest-ruff (>=0.2.1)", "pytest-timeout", "pytest-xdist (>=3)", "tomli", "tomli-w (>=1.0.0)", "virtualenv (>=13.0.0)", "wheel"]
testing-integration = ["build[virtualenv] (>=1.0.3)", "filelock (>=3.4.0)", "jaraco.envs (>=2.2)", "jaraco.path (>=3.2.0)", "packaging (>=23.2)", "pytest", "pytest-enabler", "pytest-xdist", "tomli", "virtualenv (>=13.0.0)", "wheel"]

[[package]]
name = "zope-interface"
version = "6.3"
description = "Interfaces for Python"
optional = false
python-versions = ">=3.7"
files = [
    {file = "zope.interface-6.3-cp310-cp310-macosx_10_9_x86_64.whl", hash = "sha256:2f32010ffb87759c6a3ad1c65ed4d2e38e51f6b430a1ca11cee901ec2b42e021"},
    {file = "zope.interface-6.3-cp310-cp310-macosx_11_0_arm64.whl", hash = "sha256:e78a183a3c2f555c2ad6aaa1ab572d1c435ba42f1dc3a7e8c82982306a19b785"},
    {file = "zope.interface-6.3-cp310-cp310-manylinux_2_17_aarch64.manylinux2014_aarch64.whl", hash = "sha256:afa0491a9f154cf8519a02026dc85a416192f4cb1efbbf32db4a173ba28b289a"},
    {file = "zope.interface-6.3-cp310-cp310-manylinux_2_5_i686.manylinux1_i686.manylinux_2_17_i686.manylinux2014_i686.whl", hash = "sha256:62e32f02b3f26204d9c02c3539c802afc3eefb19d601a0987836ed126efb1f21"},
    {file = "zope.interface-6.3-cp310-cp310-manylinux_2_5_x86_64.manylinux1_x86_64.manylinux_2_17_x86_64.manylinux2014_x86_64.whl", hash = "sha256:c40df4aea777be321b7e68facb901bc67317e94b65d9ab20fb96e0eb3c0b60a1"},
    {file = "zope.interface-6.3-cp310-cp310-win_amd64.whl", hash = "sha256:46034be614d1f75f06e7dcfefba21d609b16b38c21fc912b01a99cb29e58febb"},
    {file = "zope.interface-6.3-cp311-cp311-macosx_10_9_x86_64.whl", hash = "sha256:600101f43a7582d5b9504a7c629a1185a849ce65e60fca0f6968dfc4b76b6d39"},
    {file = "zope.interface-6.3-cp311-cp311-macosx_11_0_arm64.whl", hash = "sha256:4d6b229f5e1a6375f206455cc0a63a8e502ed190fe7eb15e94a312dc69d40299"},
    {file = "zope.interface-6.3-cp311-cp311-manylinux_2_17_aarch64.manylinux2014_aarch64.whl", hash = "sha256:10cde8dc6b2fd6a1d0b5ca4be820063e46ddba417ab82bcf55afe2227337b130"},
    {file = "zope.interface-6.3-cp311-cp311-manylinux_2_5_i686.manylinux1_i686.manylinux_2_17_i686.manylinux2014_i686.whl", hash = "sha256:40aa8c8e964d47d713b226c5baf5f13cdf3a3169c7a2653163b17ff2e2334d10"},
    {file = "zope.interface-6.3-cp311-cp311-manylinux_2_5_x86_64.manylinux1_x86_64.manylinux_2_17_x86_64.manylinux2014_x86_64.whl", hash = "sha256:d165d7774d558ea971cb867739fb334faf68fc4756a784e689e11efa3becd59e"},
    {file = "zope.interface-6.3-cp311-cp311-win_amd64.whl", hash = "sha256:69dedb790530c7ca5345899a1b4cb837cc53ba669051ea51e8c18f82f9389061"},
    {file = "zope.interface-6.3-cp312-cp312-macosx_10_9_x86_64.whl", hash = "sha256:8d407e0fd8015f6d5dfad481309638e1968d70e6644e0753f229154667dd6cd5"},
    {file = "zope.interface-6.3-cp312-cp312-macosx_11_0_arm64.whl", hash = "sha256:72d5efecad16c619a97744a4f0b67ce1bcc88115aa82fcf1dc5be9bb403bcc0b"},
    {file = "zope.interface-6.3-cp312-cp312-manylinux_2_17_aarch64.manylinux2014_aarch64.whl", hash = "sha256:567d54c06306f9c5b6826190628d66753b9f2b0422f4c02d7c6d2b97ebf0a24e"},
    {file = "zope.interface-6.3-cp312-cp312-manylinux_2_5_i686.manylinux1_i686.manylinux_2_17_i686.manylinux2014_i686.whl", hash = "sha256:483e118b1e075f1819b3c6ace082b9d7d3a6a5eb14b2b375f1b80a0868117920"},
    {file = "zope.interface-6.3-cp312-cp312-manylinux_2_5_x86_64.manylinux1_x86_64.manylinux_2_17_x86_64.manylinux2014_x86_64.whl", hash = "sha256:2bb78c12c1ad3a20c0d981a043d133299117b6854f2e14893b156979ed4e1d2c"},
    {file = "zope.interface-6.3-cp312-cp312-win_amd64.whl", hash = "sha256:ad4524289d8dbd6fb5aa17aedb18f5643e7d48358f42c007a5ee51a2afc2a7c5"},
    {file = "zope.interface-6.3-cp37-cp37m-macosx_11_0_x86_64.whl", hash = "sha256:a56fe1261230093bfeedc1c1a6cd6f3ec568f9b07f031c9a09f46b201f793a85"},
    {file = "zope.interface-6.3-cp37-cp37m-manylinux_2_17_aarch64.manylinux2014_aarch64.whl", hash = "sha256:014bb94fe6bf1786da1aa044eadf65bc6437bcb81c451592987e5be91e70a91e"},
    {file = "zope.interface-6.3-cp37-cp37m-manylinux_2_5_i686.manylinux1_i686.manylinux_2_17_i686.manylinux2014_i686.whl", hash = "sha256:22e8a218e8e2d87d4d9342aa973b7915297a08efbebea5b25900c73e78ed468e"},
    {file = "zope.interface-6.3-cp37-cp37m-manylinux_2_5_x86_64.manylinux1_x86_64.manylinux_2_17_x86_64.manylinux2014_x86_64.whl", hash = "sha256:f95bebd0afe86b2adc074df29edb6848fc4d474ff24075e2c263d698774e108d"},
    {file = "zope.interface-6.3-cp37-cp37m-win_amd64.whl", hash = "sha256:d0e7321557c702bd92dac3c66a2f22b963155fdb4600133b6b29597f62b71b12"},
    {file = "zope.interface-6.3-cp38-cp38-macosx_10_9_x86_64.whl", hash = "sha256:187f7900b63845dcdef1be320a523dbbdba94d89cae570edc2781eb55f8c2f86"},
    {file = "zope.interface-6.3-cp38-cp38-macosx_11_0_arm64.whl", hash = "sha256:a058e6cf8d68a5a19cb5449f42a404f0d6c2778b897e6ce8fadda9cea308b1b0"},
    {file = "zope.interface-6.3-cp38-cp38-manylinux_2_17_aarch64.manylinux2014_aarch64.whl", hash = "sha256:e8fa0fb05083a1a4216b4b881fdefa71c5d9a106e9b094cd4399af6b52873e91"},
    {file = "zope.interface-6.3-cp38-cp38-manylinux_2_5_i686.manylinux1_i686.manylinux_2_17_i686.manylinux2014_i686.whl", hash = "sha256:26c9a37fb395a703e39b11b00b9e921c48f82b6e32cc5851ad5d0618cd8876b5"},
    {file = "zope.interface-6.3-cp38-cp38-manylinux_2_5_x86_64.manylinux1_x86_64.manylinux_2_17_x86_64.manylinux2014_x86_64.whl", hash = "sha256:1b0c4c90e5eefca2c3e045d9f9ed9f1e2cdbe70eb906bff6b247e17119ad89a1"},
    {file = "zope.interface-6.3-cp38-cp38-win_amd64.whl", hash = "sha256:5683aa8f2639016fd2b421df44301f10820e28a9b96382a6e438e5c6427253af"},
    {file = "zope.interface-6.3-cp39-cp39-macosx_10_9_x86_64.whl", hash = "sha256:2c3cfb272bcb83650e6695d49ae0d14dd06dc694789a3d929f23758557a23d92"},
    {file = "zope.interface-6.3-cp39-cp39-macosx_11_0_arm64.whl", hash = "sha256:01a0b3dd012f584afcf03ed814bce0fc40ed10e47396578621509ac031be98bf"},
    {file = "zope.interface-6.3-cp39-cp39-manylinux_2_17_aarch64.manylinux2014_aarch64.whl", hash = "sha256:4137025731e824eee8d263b20682b28a0bdc0508de9c11d6c6be54163e5b7c83"},
    {file = "zope.interface-6.3-cp39-cp39-manylinux_2_5_i686.manylinux1_i686.manylinux_2_17_i686.manylinux2014_i686.whl", hash = "sha256:3c8731596198198746f7ce2a4487a0edcbc9ea5e5918f0ab23c4859bce56055c"},
    {file = "zope.interface-6.3-cp39-cp39-manylinux_2_5_x86_64.manylinux1_x86_64.manylinux_2_17_x86_64.manylinux2014_x86_64.whl", hash = "sha256:bf34840e102d1d0b2d39b1465918d90b312b1119552cebb61a242c42079817b9"},
    {file = "zope.interface-6.3-cp39-cp39-win_amd64.whl", hash = "sha256:a1adc14a2a9d5e95f76df625a9b39f4709267a483962a572e3f3001ef90ea6e6"},
    {file = "zope.interface-6.3.tar.gz", hash = "sha256:f83d6b4b22262d9a826c3bd4b2fbfafe1d0000f085ef8e44cd1328eea274ae6a"},
]

[package.dependencies]
setuptools = "*"

[package.extras]
docs = ["Sphinx", "repoze.sphinx.autointerface", "sphinx-rtd-theme"]
test = ["coverage (>=5.0.3)", "zope.event", "zope.testing"]
testing = ["coverage (>=5.0.3)", "zope.event", "zope.testing"]

[metadata]
lock-version = "2.0"
python-versions = "^3.12"
content-hash = "3e63f22f66ee2169dc03ede94aab076da426e0d23850c84b5e5e99bef046b248"
